{
  "name": "digi-shop-mern",
  "lockfileVersion": 3,
  "requires": true,
  "packages": {
    "": {
      "dependencies": {
        "@emotion/cache": "^11.14.0",
        "stylis-plugin-rtl": "^2.1.1"
      },
      "devDependencies": {
        "concurrently": "^9.2.1"
      }
    },
    "node_modules/@emotion/cache": {
      "version": "11.14.0",
      "resolved": "https://registry.npmjs.org/@emotion/cache/-/cache-11.14.0.tgz",
      "integrity": "sha512-L/B1lc/TViYk4DcpGxtAVbx0ZyiKM5ktoIyafGkH6zg/tj+mA+NE//aPYKG0k8kCHSHVJrpLpcAlOBEXQ3SavA==",
      "license": "MIT",
      "dependencies": {
        "@emotion/memoize": "^0.9.0",
        "@emotion/sheet": "^1.4.0",
        "@emotion/utils": "^1.4.2",
        "@emotion/weak-memoize": "^0.4.0",
        "stylis": "4.2.0"
      }
    },
    "node_modules/@emotion/cache/node_modules/stylis": {
      "version": "4.2.0",
      "resolved": "https://registry.npmjs.org/stylis/-/stylis-4.2.0.tgz",
      "integrity": "sha512-Orov6g6BB1sDfYgzWfTHDOxamtX1bE/zo104Dh9e6fqJ3PooipYyfJ0pUmrZO2wAvO8YbEyeFrkV91XTsGMSrw==",
      "license": "MIT"
    },
    "node_modules/@emotion/memoize": {
      "version": "0.9.0",
      "resolved": "https://registry.npmjs.org/@emotion/memoize/-/memoize-0.9.0.tgz",
      "integrity": "sha512-30FAj7/EoJ5mwVPOWhAyCX+FPfMDrVecJAM+Iw9NRoSl4BBAQeqj4cApHHUXOVvIPgLVDsCFoz/hGD+5QQD1GQ==",
      "license": "MIT"
    },
    "node_modules/@emotion/sheet": {
      "version": "1.4.0",
      "resolved": "https://registry.npmjs.org/@emotion/sheet/-/sheet-1.4.0.tgz",
      "integrity": "sha512-fTBW9/8r2w3dXWYM4HCB1Rdp8NLibOw2+XELH5m5+AkWiL/KqYX6dc0kKYlaYyKjrQ6ds33MCdMPEwgs2z1rqg==",
      "license": "MIT"
    },
    "node_modules/@emotion/utils": {
      "version": "1.4.2",
      "resolved": "https://registry.npmjs.org/@emotion/utils/-/utils-1.4.2.tgz",
      "integrity": "sha512-3vLclRofFziIa3J2wDh9jjbkUz9qk5Vi3IZ/FSTKViB0k+ef0fPV7dYrUIugbgupYDx7v9ud/SjrtEP8Y4xLoA==",
      "license": "MIT"
    },
    "node_modules/@emotion/weak-memoize": {
      "version": "0.4.0",
      "resolved": "https://registry.npmjs.org/@emotion/weak-memoize/-/weak-memoize-0.4.0.tgz",
      "integrity": "sha512-snKqtPW01tN0ui7yu9rGv69aJXr/a/Ywvl11sUjNtEcRc+ng/mQriFL0wLXMef74iHa/EkftbDzU9F8iFbH+zg==",
      "license": "MIT"
    },
    "node_modules/ansi-regex": {
      "version": "5.0.1",
      "dev": true,
      "license": "MIT",
      "engines": {
        "node": ">=8"
      }
    },
    "node_modules/ansi-styles": {
      "version": "4.3.0",
      "dev": true,
      "license": "MIT",
      "dependencies": {
        "color-convert": "^2.0.1"
      },
      "engines": {
        "node": ">=8"
      },
      "funding": {
        "url": "https://github.com/chalk/ansi-styles?sponsor=1"
      }
    },
    "node_modules/chalk": {
      "version": "4.1.2",
      "dev": true,
      "license": "MIT",
      "dependencies": {
        "ansi-styles": "^4.1.0",
        "supports-color": "^7.1.0"
      },
      "engines": {
        "node": ">=10"
      },
      "funding": {
        "url": "https://github.com/chalk/chalk?sponsor=1"
      }
    },
    "node_modules/chalk/node_modules/supports-color": {
      "version": "7.2.0",
      "dev": true,
      "license": "MIT",
      "dependencies": {
        "has-flag": "^4.0.0"
      },
      "engines": {
        "node": ">=8"
      }
    },
    "node_modules/cliui": {
      "version": "8.0.1",
      "dev": true,
      "license": "ISC",
      "dependencies": {
        "string-width": "^4.2.0",
        "strip-ansi": "^6.0.1",
        "wrap-ansi": "^7.0.0"
      },
      "engines": {
        "node": ">=12"
      }
    },
    "node_modules/color-convert": {
      "version": "2.0.1",
      "dev": true,
      "license": "MIT",
      "dependencies": {
        "color-name": "~1.1.4"
      },
      "engines": {
        "node": ">=7.0.0"
      }
    },
    "node_modules/color-name": {
      "version": "1.1.4",
      "dev": true,
      "license": "MIT"
    },
    "node_modules/concurrently": {
      "version": "9.2.1",
      "resolved": "https://registry.npmjs.org/concurrently/-/concurrently-9.2.1.tgz",
      "integrity": "sha512-fsfrO0MxV64Znoy8/l1vVIjjHa29SZyyqPgQBwhiDcaW8wJc2W3XWVOGx4M3oJBnv/zdUZIIp1gDeS98GzP8Ng==",
      "dev": true,
      "license": "MIT",
      "dependencies": {
        "chalk": "4.1.2",
        "rxjs": "7.8.2",
        "shell-quote": "1.8.3",
        "supports-color": "8.1.1",
        "tree-kill": "1.2.2",
        "yargs": "17.7.2"
      },
      "bin": {
        "conc": "dist/bin/concurrently.js",
        "concurrently": "dist/bin/concurrently.js"
      },
      "engines": {
        "node": ">=18"
      },
      "funding": {
        "url": "https://github.com/open-cli-tools/concurrently?sponsor=1"
      }
    },
    "node_modules/cssjanus": {
      "version": "2.3.0",
      "resolved": "https://registry.npmjs.org/cssjanus/-/cssjanus-2.3.0.tgz",
      "integrity": "sha512-ZZXXn51SnxRxAZ6fdY7mBDPmA4OZd83q/J9Gdqz3YmE9TUq+9tZl+tdOnCi7PpNygI6PEkehj9rgifv5+W8a5A==",
      "license": "Apache-2.0",
      "engines": {
        "node": ">=10.0.0"
      }
    },
    "node_modules/emoji-regex": {
      "version": "8.0.0",
      "dev": true,
      "license": "MIT"
    },
    "node_modules/escalade": {
      "version": "3.2.0",
      "dev": true,
      "license": "MIT",
      "engines": {
        "node": ">=6"
      }
    },
    "node_modules/get-caller-file": {
      "version": "2.0.5",
      "dev": true,
      "license": "ISC",
      "engines": {
        "node": "6.* || 8.* || >= 10.*"
      }
    },
    "node_modules/has-flag": {
      "version": "4.0.0",
      "dev": true,
      "license": "MIT",
      "engines": {
        "node": ">=8"
      }
    },
    "node_modules/is-fullwidth-code-point": {
      "version": "3.0.0",
      "dev": true,
      "license": "MIT",
      "engines": {
        "node": ">=8"
      }
    },
    "node_modules/require-directory": {
      "version": "2.1.1",
      "dev": true,
      "license": "MIT",
      "engines": {
        "node": ">=0.10.0"
      }
    },
    "node_modules/rxjs": {
      "version": "7.8.2",
      "dev": true,
      "license": "Apache-2.0",
      "dependencies": {
        "tslib": "^2.1.0"
      }
    },
    "node_modules/shell-quote": {
      "version": "1.8.3",
      "dev": true,
      "license": "MIT",
      "engines": {
        "node": ">= 0.4"
      },
      "funding": {
        "url": "https://github.com/sponsors/ljharb"
      }
    },
    "node_modules/string-width": {
      "version": "4.2.3",
      "dev": true,
      "license": "MIT",
      "dependencies": {
        "emoji-regex": "^8.0.0",
        "is-fullwidth-code-point": "^3.0.0",
        "strip-ansi": "^6.0.1"
      },
      "engines": {
        "node": ">=8"
      }
    },
    "node_modules/strip-ansi": {
      "version": "6.0.1",
      "dev": true,
      "license": "MIT",
      "dependencies": {
        "ansi-regex": "^5.0.1"
      },
      "engines": {
        "node": ">=8"
      }
    },
    "node_modules/stylis": {
      "version": "4.3.6",
      "resolved": "https://registry.npmjs.org/stylis/-/stylis-4.3.6.tgz",
      "integrity": "sha512-yQ3rwFWRfwNUY7H5vpU0wfdkNSnvnJinhF9830Swlaxl03zsOjCfmX0ugac+3LtK0lYSgwL/KXc8oYL3mG4YFQ==",
      "license": "MIT",
      "peer": true
    },
    "node_modules/stylis-plugin-rtl": {
      "version": "2.1.1",
      "resolved": "https://registry.npmjs.org/stylis-plugin-rtl/-/stylis-plugin-rtl-2.1.1.tgz",
      "integrity": "sha512-q6xIkri6fBufIO/sV55md2CbgS5c6gg9EhSVATtHHCdOnbN/jcI0u3lYhNVeuI65c4lQPo67g8xmq5jrREvzlg==",
      "license": "MIT",
      "dependencies": {
        "cssjanus": "^2.0.1"
      },
      "peerDependencies": {
        "stylis": "4.x"
      }
    },
    "node_modules/supports-color": {
      "version": "8.1.1",
      "dev": true,
      "license": "MIT",
      "dependencies": {
        "has-flag": "^4.0.0"
      },
      "engines": {
        "node": ">=10"
      },
      "funding": {
        "url": "https://github.com/chalk/supports-color?sponsor=1"
      }
    },
    "node_modules/tree-kill": {
      "version": "1.2.2",
      "dev": true,
      "license": "MIT",
      "bin": {
        "tree-kill": "cli.js"
      }
    },
    "node_modules/tslib": {
      "version": "2.8.1",
      "dev": true,
      "license": "0BSD"
    },
    "node_modules/wrap-ansi": {
      "version": "7.0.0",
      "dev": true,
      "license": "MIT",
      "dependencies": {
        "ansi-styles": "^4.0.0",
        "string-width": "^4.1.0",
        "strip-ansi": "^6.0.0"
      },
      "engines": {
        "node": ">=10"
      },
      "funding": {
        "url": "https://github.com/chalk/wrap-ansi?sponsor=1"
      }
    },
    "node_modules/y18n": {
      "version": "5.0.8",
      "dev": true,
      "license": "ISC",
      "engines": {
        "node": ">=10"
      }
    },
    "node_modules/yargs": {
      "version": "17.7.2",
      "dev": true,
      "license": "MIT",
      "dependencies": {
        "cliui": "^8.0.1",
        "escalade": "^3.1.1",
        "get-caller-file": "^2.0.5",
        "require-directory": "^2.1.1",
        "string-width": "^4.2.3",
        "y18n": "^5.0.5",
        "yargs-parser": "^21.1.1"
      },
      "engines": {
        "node": ">=12"
      }
    },
    "node_modules/yargs-parser": {
      "version": "21.1.1",
      "dev": true,
      "license": "ISC",
      "engines": {
        "node": ">=12"
      }
    }
  }
}
